
Microsoft Visual Studio Solution File, Format Version 12.00
# Visual Studio Version 17
VisualStudioVersion = 17.14.36301.6
MinimumVisualStudioVersion = 10.0.40219.1
Project("{2150E333-8FDC-42A3-9474-1A3956D46DE8}") = "TransferService", "TransferService", "{02EA681E-C7D8-13C7-8484-4AC65E1B71E8}"
EndProject
Project("{FAE04EC0-301F-11D3-BF4B-00C04F79EFBC}") = "TransferService.API", "TransferService\TransferService.API\TransferService.API.csproj", "{9B5CC7EA-40B2-4F6C-A154-689EBBF3EBB4}"
EndProject
Project("{FAE04EC0-301F-11D3-BF4B-00C04F79EFBC}") = "TransferService.Application", "TransferService\TransferService.Application\TransferService.Application.csproj", "{4B6FA0F0-8C1E-4FF5-924D-BED6C09FE54D}"
EndProject
Project("{FAE04EC0-301F-11D3-BF4B-00C04F79EFBC}") = "TransferService.Domain", "TransferService\TransferService.Domain\TransferService.Domain.csproj", "{DF4B7AFF-8AAC-4E0D-9D72-F865C46A7F77}"
EndProject
Project("{FAE04EC0-301F-11D3-BF4B-00C04F79EFBC}") = "TransferService.Infrastructure", "TransferService\TransferService.Infrastructure\TransferService.Infrastructure.csproj", "{225044EA-ED85-4890-9E21-4BC4590E8694}"
EndProject
Project("{FAE04EC0-301F-11D3-BF4B-00C04F79EFBC}") = "TransferService.Persistence", "TransferService\TransferService.Persistence\TransferService.Persistence.csproj", "{5FB7622A-724F-4DD8-9894-992332691DE4}"
EndProject
Project("{2150E333-8FDC-42A3-9474-1A3956D46DE8}") = "Solution Items", "Solution Items", "{8EC462FD-D22E-90A8-E5CE-7E832BA40C5D}"
	ProjectSection(SolutionItems) = preProject
		docker-compose.yml = docker-compose.yml
	EndProjectSection
EndProject
Project("{2150E333-8FDC-42A3-9474-1A3956D46DE8}") = "NotificationService", "NotificationService", "{EF9FAB18-9E1C-4E6B-9716-D43C0189B1BC}"
EndProject
Project("{FAE04EC0-301F-11D3-BF4B-00C04F79EFBC}") = "NotificationService.API", "NotificationService\NotificationService.API\NotificationService.API.csproj", "{041DFF9C-2450-43D5-8ED5-FA5C71BB90AE}"
EndProject
Project("{FAE04EC0-301F-11D3-BF4B-00C04F79EFBC}") = "NotificationService.Domain", "NotificationService\NotificationService.Domain\NotificationService.Domain.csproj", "{5717294F-0E65-49DF-B479-43F88E756C47}"
EndProject
Project("{FAE04EC0-301F-11D3-BF4B-00C04F79EFBC}") = "NotificationService.Application", "NotificationService\NotificationService.Application\NotificationService.Application.csproj", "{A4C2487E-6D9A-4422-878D-710B74327682}"
EndProject
Project("{FAE04EC0-301F-11D3-BF4B-00C04F79EFBC}") = "NotificationService.Infrastructure", "NotificationService\NotificationService.Infrastructure\NotificationService.Infrastructure.csproj", "{1B042B5E-580D-4F0F-9E13-3631E6D97D20}"
EndProject
Project("{2150E333-8FDC-42A3-9474-1A3956D46DE8}") = "Contracts", "Contracts", "{75AB30C4-3701-4C2D-B9BF-169D964C6CDE}"
EndProject
Project("{FAE04EC0-301F-11D3-BF4B-00C04F79EFBC}") = "Contracts", "Contracts\Contracts.csproj", "{58718067-9B1A-4D12-8AEB-AFCDD55E0F1E}"
EndProject
Project("{2150E333-8FDC-42A3-9474-1A3956D46DE8}") = "docker-entrypoint-initdb.d", "docker-entrypoint-initdb.d", "{C31857E4-7441-4E16-A9C9-AF2FEE362D9E}"
	ProjectSection(SolutionItems) = preProject
		init.sql = init.sql
	EndProjectSection
EndProject
Global
	GlobalSection(SolutionConfigurationPlatforms) = preSolution
		Debug|Any CPU = Debug|Any CPU
		Release|Any CPU = Release|Any CPU
	EndGlobalSection
	GlobalSection(ProjectConfigurationPlatforms) = postSolution
		{9B5CC7EA-40B2-4F6C-A154-689EBBF3EBB4}.Debug|Any CPU.ActiveCfg = Debug|Any CPU
		{9B5CC7EA-40B2-4F6C-A154-689EBBF3EBB4}.Debug|Any CPU.Build.0 = Debug|Any CPU
		{9B5CC7EA-40B2-4F6C-A154-689EBBF3EBB4}.Release|Any CPU.ActiveCfg = Release|Any CPU
		{9B5CC7EA-40B2-4F6C-A154-689EBBF3EBB4}.Release|Any CPU.Build.0 = Release|Any CPU
		{4B6FA0F0-8C1E-4FF5-924D-BED6C09FE54D}.Debug|Any CPU.ActiveCfg = Debug|Any CPU
		{4B6FA0F0-8C1E-4FF5-924D-BED6C09FE54D}.Debug|Any CPU.Build.0 = Debug|Any CPU
		{4B6FA0F0-8C1E-4FF5-924D-BED6C09FE54D}.Release|Any CPU.ActiveCfg = Release|Any CPU
		{4B6FA0F0-8C1E-4FF5-924D-BED6C09FE54D}.Release|Any CPU.Build.0 = Release|Any CPU
		{DF4B7AFF-8AAC-4E0D-9D72-F865C46A7F77}.Debug|Any CPU.ActiveCfg = Debug|Any CPU
		{DF4B7AFF-8AAC-4E0D-9D72-F865C46A7F77}.Debug|Any CPU.Build.0 = Debug|Any CPU
		{DF4B7AFF-8AAC-4E0D-9D72-F865C46A7F77}.Release|Any CPU.ActiveCfg = Release|Any CPU
		{DF4B7AFF-8AAC-4E0D-9D72-F865C46A7F77}.Release|Any CPU.Build.0 = Release|Any CPU
		{225044EA-ED85-4890-9E21-4BC4590E8694}.Debug|Any CPU.ActiveCfg = Debug|Any CPU
		{225044EA-ED85-4890-9E21-4BC4590E8694}.Debug|Any CPU.Build.0 = Debug|Any CPU
		{225044EA-ED85-4890-9E21-4BC4590E8694}.Release|Any CPU.ActiveCfg = Release|Any CPU
		{225044EA-ED85-4890-9E21-4BC4590E8694}.Release|Any CPU.Build.0 = Release|Any CPU
		{5FB7622A-724F-4DD8-9894-992332691DE4}.Debug|Any CPU.ActiveCfg = Debug|Any CPU
		{5FB7622A-724F-4DD8-9894-992332691DE4}.Debug|Any CPU.Build.0 = Debug|Any CPU
		{5FB7622A-724F-4DD8-9894-992332691DE4}.Release|Any CPU.ActiveCfg = Release|Any CPU
		{5FB7622A-724F-4DD8-9894-992332691DE4}.Release|Any CPU.Build.0 = Release|Any CPU
		{041DFF9C-2450-43D5-8ED5-FA5C71BB90AE}.Debug|Any CPU.ActiveCfg = Debug|Any CPU
		{041DFF9C-2450-43D5-8ED5-FA5C71BB90AE}.Debug|Any CPU.Build.0 = Debug|Any CPU
		{041DFF9C-2450-43D5-8ED5-FA5C71BB90AE}.Release|Any CPU.ActiveCfg = Release|Any CPU
		{041DFF9C-2450-43D5-8ED5-FA5C71BB90AE}.Release|Any CPU.Build.0 = Release|Any CPU
		{5717294F-0E65-49DF-B479-43F88E756C47}.Debug|Any CPU.ActiveCfg = Debug|Any CPU
		{5717294F-0E65-49DF-B479-43F88E756C47}.Debug|Any CPU.Build.0 = Debug|Any CPU
		{5717294F-0E65-49DF-B479-43F88E756C47}.Release|Any CPU.ActiveCfg = Release|Any CPU
		{5717294F-0E65-49DF-B479-43F88E756C47}.Release|Any CPU.Build.0 = Release|Any CPU
		{A4C2487E-6D9A-4422-878D-710B74327682}.Debug|Any CPU.ActiveCfg = Debug|Any CPU
		{A4C2487E-6D9A-4422-878D-710B74327682}.Debug|Any CPU.Build.0 = Debug|Any CPU
		{A4C2487E-6D9A-4422-878D-710B74327682}.Release|Any CPU.ActiveCfg = Release|Any CPU
		{A4C2487E-6D9A-4422-878D-710B74327682}.Release|Any CPU.Build.0 = Release|Any CPU
		{1B042B5E-580D-4F0F-9E13-3631E6D97D20}.Debug|Any CPU.ActiveCfg = Debug|Any CPU
		{1B042B5E-580D-4F0F-9E13-3631E6D97D20}.Debug|Any CPU.Build.0 = Debug|Any CPU
		{1B042B5E-580D-4F0F-9E13-3631E6D97D20}.Release|Any CPU.ActiveCfg = Release|Any CPU
		{1B042B5E-580D-4F0F-9E13-3631E6D97D20}.Release|Any CPU.Build.0 = Release|Any CPU
		{58718067-9B1A-4D12-8AEB-AFCDD55E0F1E}.Debug|Any CPU.ActiveCfg = Debug|Any CPU
		{58718067-9B1A-4D12-8AEB-AFCDD55E0F1E}.Debug|Any CPU.Build.0 = Debug|Any CPU
		{58718067-9B1A-4D12-8AEB-AFCDD55E0F1E}.Release|Any CPU.ActiveCfg = Release|Any CPU
		{58718067-9B1A-4D12-8AEB-AFCDD55E0F1E}.Release|Any CPU.Build.0 = Release|Any CPU
	EndGlobalSection
	GlobalSection(SolutionProperties) = preSolution
		HideSolutionNode = FALSE
	EndGlobalSection
	GlobalSection(NestedProjects) = preSolution
		{9B5CC7EA-40B2-4F6C-A154-689EBBF3EBB4} = {02EA681E-C7D8-13C7-8484-4AC65E1B71E8}
		{4B6FA0F0-8C1E-4FF5-924D-BED6C09FE54D} = {02EA681E-C7D8-13C7-8484-4AC65E1B71E8}
		{DF4B7AFF-8AAC-4E0D-9D72-F865C46A7F77} = {02EA681E-C7D8-13C7-8484-4AC65E1B71E8}
		{225044EA-ED85-4890-9E21-4BC4590E8694} = {02EA681E-C7D8-13C7-8484-4AC65E1B71E8}
		{5FB7622A-724F-4DD8-9894-992332691DE4} = {02EA681E-C7D8-13C7-8484-4AC65E1B71E8}
		{041DFF9C-2450-43D5-8ED5-FA5C71BB90AE} = {EF9FAB18-9E1C-4E6B-9716-D43C0189B1BC}
		{5717294F-0E65-49DF-B479-43F88E756C47} = {EF9FAB18-9E1C-4E6B-9716-D43C0189B1BC}
		{A4C2487E-6D9A-4422-878D-710B74327682} = {EF9FAB18-9E1C-4E6B-9716-D43C0189B1BC}
		{1B042B5E-580D-4F0F-9E13-3631E6D97D20} = {EF9FAB18-9E1C-4E6B-9716-D43C0189B1BC}
		{58718067-9B1A-4D12-8AEB-AFCDD55E0F1E} = {75AB30C4-3701-4C2D-B9BF-169D964C6CDE}
		{C31857E4-7441-4E16-A9C9-AF2FEE362D9E} = {8EC462FD-D22E-90A8-E5CE-7E832BA40C5D}
	EndGlobalSection
	GlobalSection(ExtensibilityGlobals) = postSolution
		SolutionGuid = {EBB6BD3F-EE9F-4518-B866-1468D5B87ECD}
	EndGlobalSection
EndGlobal
