
Microsoft Visual Studio Solution File, Format Version 12.00
# Visual Studio Version 17
VisualStudioVersion = 17.14.36301.6 d17.14
MinimumVisualStudioVersion = 10.0.40219.1
Project("{2150E333-8FDC-42A3-9474-1A3956D46DE8}") = "TransferService", "TransferService", "{02EA681E-C7D8-13C7-8484-4AC65E1B71E8}"
EndProject
Project("{FAE04EC0-301F-11D3-BF4B-00C04F79EFBC}") = "TransferService.API", "TransferService\TransferService.API\TransferService.API.csproj", "{9B5CC7EA-40B2-4F6C-A154-689EBBF3EBB4}"
EndProject
Global
	GlobalSection(SolutionConfigurationPlatforms) = preSolution
		Debug|Any CPU = Debug|Any CPU
		Release|Any CPU = Release|Any CPU
	EndGlobalSection
	GlobalSection(ProjectConfigurationPlatforms) = postSolution
		{9B5CC7EA-40B2-4F6C-A154-689EBBF3EBB4}.Debug|Any CPU.ActiveCfg = Debug|Any CPU
		{9B5CC7EA-40B2-4F6C-A154-689EBBF3EBB4}.Debug|Any CPU.Build.0 = Debug|Any CPU
		{9B5CC7EA-40B2-4F6C-A154-689EBBF3EBB4}.Release|Any CPU.ActiveCfg = Release|Any CPU
		{9B5CC7EA-40B2-4F6C-A154-689EBBF3EBB4}.Release|Any CPU.Build.0 = Release|Any CPU
	EndGlobalSection
	GlobalSection(SolutionProperties) = preSolution
		HideSolutionNode = FALSE
	EndGlobalSection
	GlobalSection(NestedProjects) = preSolution
		{9B5CC7EA-40B2-4F6C-A154-689EBBF3EBB4} = {02EA681E-C7D8-13C7-8484-4AC65E1B71E8}
	EndGlobalSection
	GlobalSection(ExtensibilityGlobals) = postSolution
		SolutionGuid = {EBB6BD3F-EE9F-4518-B866-1468D5B87ECD}
	EndGlobalSection
EndGlobal
